
Microsoft Visual Studio Solution File, Format Version 12.00
# Visual Studio Version 17
VisualStudioVersion = 17.14.36408.4
MinimumVisualStudioVersion = 10.0.40219.1
Project("{FAE04EC0-301F-11D3-BF4B-00C04F79EFBC}") = "MoodPlaylistGenerator", "MoodPlaylistGenerator.csproj", "{8D5F83DE-A29F-737B-BE4F-8D77763EB2AD}"
EndProject
Project("{FAE04EC0-301F-11D3-BF4B-00C04F79EFBC}") = "MoodPlaylist.SQLite.Repository", "MoodPlaylist.SQLite.Repository\MoodPlaylist.SQLite.Repository.csproj", "{4A9DAAA5-900A-4B37-8AF2-64B3F922A403}"
EndProject
Project("{FAE04EC0-301F-11D3-BF4B-00C04F79EFBC}") = "MoodPlaylist.SQLite.Services", "MoodPlaylist.SQLite.Services\MoodPlaylist.SQLite.Services.csproj", "{835F8669-259C-4170-9150-6146444B63E2}"
EndProject
Global
	GlobalSection(SolutionConfigurationPlatforms) = preSolution
		Debug|Any CPU = Debug|Any CPU
		Debug|x64 = Debug|x64
		Debug|x86 = Debug|x86
		Release|Any CPU = Release|Any CPU
		Release|x64 = Release|x64
		Release|x86 = Release|x86
	EndGlobalSection
	GlobalSection(ProjectConfigurationPlatforms) = postSolution
		{8D5F83DE-A29F-737B-BE4F-8D77763EB2AD}.Debug|Any CPU.ActiveCfg = Debug|Any CPU
		{8D5F83DE-A29F-737B-BE4F-8D77763EB2AD}.Debug|Any CPU.Build.0 = Debug|Any CPU
		{8D5F83DE-A29F-737B-BE4F-8D77763EB2AD}.Debug|x64.ActiveCfg = Debug|Any CPU
		{8D5F83DE-A29F-737B-BE4F-8D77763EB2AD}.Debug|x64.Build.0 = Debug|Any CPU
		{8D5F83DE-A29F-737B-BE4F-8D77763EB2AD}.Debug|x86.ActiveCfg = Debug|Any CPU
		{8D5F83DE-A29F-737B-BE4F-8D77763EB2AD}.Debug|x86.Build.0 = Debug|Any CPU
		{8D5F83DE-A29F-737B-BE4F-8D77763EB2AD}.Release|Any CPU.ActiveCfg = Release|Any CPU
		{8D5F83DE-A29F-737B-BE4F-8D77763EB2AD}.Release|Any CPU.Build.0 = Release|Any CPU
		{8D5F83DE-A29F-737B-BE4F-8D77763EB2AD}.Release|x64.ActiveCfg = Release|Any CPU
		{8D5F83DE-A29F-737B-BE4F-8D77763EB2AD}.Release|x64.Build.0 = Release|Any CPU
		{8D5F83DE-A29F-737B-BE4F-8D77763EB2AD}.Release|x86.ActiveCfg = Release|Any CPU
		{8D5F83DE-A29F-737B-BE4F-8D77763EB2AD}.Release|x86.Build.0 = Release|Any CPU
		{4A9DAAA5-900A-4B37-8AF2-64B3F922A403}.Debug|Any CPU.ActiveCfg = Debug|Any CPU
		{4A9DAAA5-900A-4B37-8AF2-64B3F922A403}.Debug|Any CPU.Build.0 = Debug|Any CPU
		{4A9DAAA5-900A-4B37-8AF2-64B3F922A403}.Debug|x64.ActiveCfg = Debug|Any CPU
		{4A9DAAA5-900A-4B37-8AF2-64B3F922A403}.Debug|x64.Build.0 = Debug|Any CPU
		{4A9DAAA5-900A-4B37-8AF2-64B3F922A403}.Debug|x86.ActiveCfg = Debug|Any CPU
		{4A9DAAA5-900A-4B37-8AF2-64B3F922A403}.Debug|x86.Build.0 = Debug|Any CPU
		{4A9DAAA5-900A-4B37-8AF2-64B3F922A403}.Release|Any CPU.ActiveCfg = Release|Any CPU
		{4A9DAAA5-900A-4B37-8AF2-64B3F922A403}.Release|Any CPU.Build.0 = Release|Any CPU
		{4A9DAAA5-900A-4B37-8AF2-64B3F922A403}.Release|x64.ActiveCfg = Release|Any CPU
		{4A9DAAA5-900A-4B37-8AF2-64B3F922A403}.Release|x64.Build.0 = Release|Any CPU
		{4A9DAAA5-900A-4B37-8AF2-64B3F922A403}.Release|x86.ActiveCfg = Release|Any CPU
		{4A9DAAA5-900A-4B37-8AF2-64B3F922A403}.Release|x86.Build.0 = Release|Any CPU
		{835F8669-259C-4170-9150-6146444B63E2}.Debug|Any CPU.ActiveCfg = Debug|Any CPU
		{835F8669-259C-4170-9150-6146444B63E2}.Debug|Any CPU.Build.0 = Debug|Any CPU
		{835F8669-259C-4170-9150-6146444B63E2}.Debug|x64.ActiveCfg = Debug|Any CPU
		{835F8669-259C-4170-9150-6146444B63E2}.Debug|x64.Build.0 = Debug|Any CPU
		{835F8669-259C-4170-9150-6146444B63E2}.Debug|x86.ActiveCfg = Debug|Any CPU
		{835F8669-259C-4170-9150-6146444B63E2}.Debug|x86.Build.0 = Debug|Any CPU
		{835F8669-259C-4170-9150-6146444B63E2}.Release|Any CPU.ActiveCfg = Release|Any CPU
		{835F8669-259C-4170-9150-6146444B63E2}.Release|Any CPU.Build.0 = Release|Any CPU
		{835F8669-259C-4170-9150-6146444B63E2}.Release|x64.ActiveCfg = Release|Any CPU
		{835F8669-259C-4170-9150-6146444B63E2}.Release|x64.Build.0 = Release|Any CPU
		{835F8669-259C-4170-9150-6146444B63E2}.Release|x86.ActiveCfg = Release|Any CPU
		{835F8669-259C-4170-9150-6146444B63E2}.Release|x86.Build.0 = Release|Any CPU
	EndGlobalSection
	GlobalSection(SolutionProperties) = preSolution
		HideSolutionNode = FALSE
	EndGlobalSection
	GlobalSection(ExtensibilityGlobals) = postSolution
		SolutionGuid = {5FC4CEB9-CEDF-44FC-8770-E646349882FE}
	EndGlobalSection
EndGlobal
